Microsoft Visual Studio Solution File, Format Version 12.00
# Visual Studio Version 17
VisualStudioVersion = 17.13.35919.96
MinimumVisualStudioVersion = 10.0.40219.1
Project("{FAE04EC0-301F-11D3-BF4B-00C04F79EFBC}") = "colors_api", "colors_api.csproj", "{B6A7302B-7E8F-40F9-A20A-44DCC9D63122}"
EndProject
Global
	GlobalSection(SolutionConfigurationPlatforms) = preSolution
		Debug|Any CPU = Debug|Any CPU
		Release|Any CPU = Release|Any CPU
	EndGlobalSection
	GlobalSection(ProjectConfigurationPlatforms) = postSolution
		{B6A7302B-7E8F-40F9-A20A-44DCC9D63122}.Debug|Any CPU.ActiveCfg = Debug|Any CPU
		{B6A7302B-7E8F-40F9-A20A-44DCC9D63122}.Debug|Any CPU.Build.0 = Debug|Any CPU
		{B6A7302B-7E8F-40F9-A20A-44DCC9D63122}.Release|Any CPU.ActiveCfg = Release|Any CPU
		{B6A7302B-7E8F-40F9-A20A-44DCC9D63122}.Release|Any CPU.Build.0 = Release|Any CPU
	EndGlobalSection
	GlobalSection(SolutionProperties) = preSolution
		HideSolutionNode = FALSE
	EndGlobalSection
	GlobalSection(ExtensibilityGlobals) = postSolution
		SolutionGuid = {E99E7E07-F0D8-4219-9F39-6F2736874D18}
	EndGlobalSection
EndGlobal
